{
  "name": "synthetos-sandbox-template",
  "version": "1.0.0",
  "lockfileVersion": 3,
  "requires": true,
  "packages": {
    "": {
      "name": "synthetos-sandbox-template",
      "version": "1.0.0",
      "dependencies": {
        "csv-parse": "5.5.6",
        "xlsx": "0.18.5"
      }
    },
    "node_modules/csv-parse": {
      "version": "5.5.6",
      "resolved": "https://registry.npmjs.org/csv-parse/-/csv-parse-5.5.6.tgz",
      "integrity": "sha512-uNpm30m/AGSkLxxy7d9yRXpJSTe3R7PQgNu14oMRdEC4xsQi4kIHYPPsJTVgLDkVJNhQ7hfmqhQeRUeNDuGA=="
    },
    "node_modules/xlsx": {
      "version": "0.18.5",
      "resolved": "https://registry.npmjs.org/xlsx/-/xlsx-0.18.5.tgz",
      "integrity": "sha512-dmg3LCjBBr2EBzBxOiJgYiW9fySS5U8YEBVJ9tfQi3rTbVr3tL3jjcaFXDmDq44FVKNlb0giWQ+TtMY4+uQA=="
    }
  }
}
